
Microsoft Visual Studio Solution File, Format Version 12.00
# Visual Studio Version 17
VisualStudioVersion = 17.6.33829.357
MinimumVisualStudioVersion = 10.0.40219.1
Project("{FAE04EC0-301F-11D3-BF4B-00C04F79EFBC}") = "Individual3", "Individual3\Individual3.csproj", "{CA3E09EB-3253-49D7-9D90-F6034B0F2BCF}"
EndProject
Global
	GlobalSection(SolutionConfigurationPlatforms) = preSolution
		Debug|Any CPU = Debug|Any CPU
		Release|Any CPU = Release|Any CPU
	EndGlobalSection
	GlobalSection(ProjectConfigurationPlatforms) = postSolution
		{CA3E09EB-3253-49D7-9D90-F6034B0F2BCF}.Debug|Any CPU.ActiveCfg = Debug|Any CPU
		{CA3E09EB-3253-49D7-9D90-F6034B0F2BCF}.Debug|Any CPU.Build.0 = Debug|Any CPU
		{CA3E09EB-3253-49D7-9D90-F6034B0F2BCF}.Release|Any CPU.ActiveCfg = Release|Any CPU
		{CA3E09EB-3253-49D7-9D90-F6034B0F2BCF}.Release|Any CPU.Build.0 = Release|Any CPU
	EndGlobalSection
	GlobalSection(SolutionProperties) = preSolution
		HideSolutionNode = FALSE
	EndGlobalSection
	GlobalSection(ExtensibilityGlobals) = postSolution
		SolutionGuid = {45161BE5-56CA-426B-B6C6-9D6C18F7A040}
	EndGlobalSection
EndGlobal
